
Microsoft Visual Studio Solution File, Format Version 12.00
# Visual Studio 15
VisualStudioVersion = 15.0.27428.2037
MinimumVisualStudioVersion = 10.0.40219.1
Project("{FAE04EC0-301F-11D3-BF4B-00C04F79EFBC}") = "Zephyr", "Zephyr\Zephyr.csproj", "{39088E40-92D2-43F4-98C0-01100825C33B}"
EndProject
Global
	GlobalSection(SolutionConfigurationPlatforms) = preSolution
		Debug|Any CPU = Debug|Any CPU
		Release|Any CPU = Release|Any CPU
	EndGlobalSection
	GlobalSection(ProjectConfigurationPlatforms) = postSolution
		{39088E40-92D2-43F4-98C0-01100825C33B}.Debug|Any CPU.ActiveCfg = Debug|Any CPU
		{39088E40-92D2-43F4-98C0-01100825C33B}.Debug|Any CPU.Build.0 = Debug|Any CPU
		{39088E40-92D2-43F4-98C0-01100825C33B}.Release|Any CPU.ActiveCfg = Release|Any CPU
		{39088E40-92D2-43F4-98C0-01100825C33B}.Release|Any CPU.Build.0 = Release|Any CPU
	EndGlobalSection
	GlobalSection(SolutionProperties) = preSolution
		HideSolutionNode = FALSE
	EndGlobalSection
	GlobalSection(ExtensibilityGlobals) = postSolution
		SolutionGuid = {0BD5BE7D-FE8C-4FF2-A051-747700B42437}
	EndGlobalSection
EndGlobal
